// !$*UTF8*$!
{
	archiveVersion = 1;
	classes = {
	};
	objectVersion = 50;
	objects = {

/* Begin PBXBuildFile section */
		1612C43F2566DF00002EEC0E /* InvestmentsView.swift in Sources */ = {isa = PBXBuildFile; fileRef = 1612C43B2566DF00002EEC0E /* InvestmentsView.swift */; };
		1612C4402566DF00002EEC0E /* AllCoinsView.swift in Sources */ = {isa = PBXBuildFile; fileRef = 1612C43C2566DF00002EEC0E /* AllCoinsView.swift */; };
		1612C4412566DF00002EEC0E /* Currencies.swift in Sources */ = {isa = PBXBuildFile; fileRef = 1612C43D2566DF00002EEC0E /* Currencies.swift */; };
		1612C4422566DF00002EEC0E /* FavoritesListView.swift in Sources */ = {isa = PBXBuildFile; fileRef = 1612C43E2566DF00002EEC0E /* FavoritesListView.swift */; };
		16728AC52566DE0B00EDCFD8 /* AppDelegate.swift in Sources */ = {isa = PBXBuildFile; fileRef = 16728AC42566DE0B00EDCFD8 /* AppDelegate.swift */; };
		16728AC72566DE0B00EDCFD8 /* SceneDelegate.swift in Sources */ = {isa = PBXBuildFile; fileRef = 16728AC62566DE0B00EDCFD8 /* SceneDelegate.swift */; };
		16728AC92566DE0B00EDCFD8 /* ContentView.swift in Sources */ = {isa = PBXBuildFile; fileRef = 16728AC82566DE0B00EDCFD8 /* ContentView.swift */; };
		16728ACB2566DE0D00EDCFD8 /* Assets.xcassets in Resources */ = {isa = PBXBuildFile; fileRef = 16728ACA2566DE0D00EDCFD8 /* Assets.xcassets */; };
		16728ACE2566DE0D00EDCFD8 /* Preview Assets.xcassets in Resources */ = {isa = PBXBuildFile; fileRef = 16728ACD2566DE0D00EDCFD8 /* Preview Assets.xcassets */; };
		16728AD12566DE0D00EDCFD8 /* LaunchScreen.storyboard in Resources */ = {isa = PBXBuildFile; fileRef = 16728ACF2566DE0D00EDCFD8 /* LaunchScreen.storyboard */; };
/* End PBXBuildFile section */

/* Begin PBXFileReference section */
		1612C43B2566DF00002EEC0E /* InvestmentsView.swift */ = {isa = PBXFileReference; fileEncoding = 4; lastKnownFileType = sourcecode.swift; path = InvestmentsView.swift; sourceTree = "<group>"; };
		1612C43C2566DF00002EEC0E /* AllCoinsView.swift */ = {isa = PBXFileReference; fileEncoding = 4; lastKnownFileType = sourcecode.swift; path = AllCoinsView.swift; sourceTree = "<group>"; };
		1612C43D2566DF00002EEC0E /* Currencies.swift */ = {isa = PBXFileReference; fileEncoding = 4; lastKnownFileType = sourcecode.swift; path = Currencies.swift; sourceTree = "<group>"; };
		1612C43E2566DF00002EEC0E /* FavoritesListView.swift */ = {isa = PBXFileReference; fileEncoding = 4; lastKnownFileType = sourcecode.swift; path = FavoritesListView.swift; sourceTree = "<group>"; };
		16728AC12566DE0B00EDCFD8 /* CryptoTracker.app */ = {isa = PBXFileReference; explicitFileType = wrapper.application; includeInIndex = 0; path = CryptoTracker.app; sourceTree = BUILT_PRODUCTS_DIR; };
		16728AC42566DE0B00EDCFD8 /* AppDelegate.swift */ = {isa = PBXFileReference; lastKnownFileType = sourcecode.swift; path = AppDelegate.swift; sourceTree = "<group>"; };
		16728AC62566DE0B00EDCFD8 /* SceneDelegate.swift */ = {isa = PBXFileReference; lastKnownFileType = sourcecode.swift; path = SceneDelegate.swift; sourceTree = "<group>"; };
		16728AC82566DE0B00EDCFD8 /* ContentView.swift */ = {isa = PBXFileReference; lastKnownFileType = sourcecode.swift; path = ContentView.swift; sourceTree = "<group>"; };
		16728ACA2566DE0D00EDCFD8 /* Assets.xcassets */ = {isa = PBXFileReference; lastKnownFileType = folder.assetcatalog; path = Assets.xcassets; sourceTree = "<group>"; };
		16728ACD2566DE0D00EDCFD8 /* Preview Assets.xcassets */ = {isa = PBXFileReference; lastKnownFileType = folder.assetcatalog; path = "Preview Assets.xcassets"; sourceTree = "<group>"; };
		16728AD02566DE0D00EDCFD8 /* Base */ = {isa = PBXFileReference; lastKnownFileType = file.storyboard; name = Base; path = Base.lproj/LaunchScreen.storyboard; sourceTree = "<group>"; };
		16728AD22566DE0D00EDCFD8 /* Info.plist */ = {isa = PBXFileReference; lastKnownFileType = text.plist.xml; path = Info.plist; sourceTree = "<group>"; };
/* End PBXFileReference section */

/* Begin PBXFrameworksBuildPhase section */
		16728ABE2566DE0B00EDCFD8 /* Frameworks */ = {
			isa = PBXFrameworksBuildPhase;
			buildActionMask = 2147483647;
			files = (
			);
			runOnlyForDeploymentPostprocessing = 0;
		};
/* End PBXFrameworksBuildPhase section */

/* Begin PBXGroup section */
		16728AB82566DE0B00EDCFD8 = {
			isa = PBXGroup;
			children = (
				16728AC32566DE0B00EDCFD8 /* CryptoTracker */,
				16728AC22566DE0B00EDCFD8 /* Products */,
			);
			sourceTree = "<group>";
		};
		16728AC22566DE0B00EDCFD8 /* Products */ = {
			isa = PBXGroup;
			children = (
				16728AC12566DE0B00EDCFD8 /* CryptoTracker.app */,
			);
			name = Products;
			sourceTree = "<group>";
		};
		16728AC32566DE0B00EDCFD8 /* CryptoTracker */ = {
			isa = PBXGroup;
			children = (
				1612C43C2566DF00002EEC0E /* AllCoinsView.swift */,
				1612C43D2566DF00002EEC0E /* Currencies.swift */,
				1612C43E2566DF00002EEC0E /* FavoritesListView.swift */,
				1612C43B2566DF00002EEC0E /* InvestmentsView.swift */,
				16728AC42566DE0B00EDCFD8 /* AppDelegate.swift */,
				16728AC62566DE0B00EDCFD8 /* SceneDelegate.swift */,
				16728AC82566DE0B00EDCFD8 /* ContentView.swift */,
				16728ACA2566DE0D00EDCFD8 /* Assets.xcassets */,
				16728ACF2566DE0D00EDCFD8 /* LaunchScreen.storyboard */,
				16728AD22566DE0D00EDCFD8 /* Info.plist */,
				16728ACC2566DE0D00EDCFD8 /* Preview Content */,
			);
			path = CryptoTracker;
			sourceTree = "<group>";
		};
		16728ACC2566DE0D00EDCFD8 /* Preview Content */ = {
			isa = PBXGroup;
			children = (
				16728ACD2566DE0D00EDCFD8 /* Preview Assets.xcassets */,
			);
			path = "Preview Content";
			sourceTree = "<group>";
		};
/* End PBXGroup section */

/* Begin PBXNativeTarget section */
		16728AC02566DE0B00EDCFD8 /* CryptoTracker */ = {
			isa = PBXNativeTarget;
			buildConfigurationList = 16728AD52566DE0D00EDCFD8 /* Build configuration list for PBXNativeTarget "CryptoTracker" */;
			buildPhases = (
				16728ABD2566DE0B00EDCFD8 /* Sources */,
				16728ABE2566DE0B00EDCFD8 /* Frameworks */,
				16728ABF2566DE0B00EDCFD8 /* Resources */,
			);
			buildRules = (
			);
			dependencies = (
			);
			name = CryptoTracker;
			productName = CryptoTracker;
			productReference = 16728AC12566DE0B00EDCFD8 /* CryptoTracker.app */;
			productType = "com.apple.product-type.application";
		};
/* End PBXNativeTarget section */

/* Begin PBXProject section */
		16728AB92566DE0B00EDCFD8 /* Project object */ = {
			isa = PBXProject;
			attributes = {
				LastSwiftUpdateCheck = 1130;
				LastUpgradeCheck = 1220;
				ORGANIZATIONNAME = Jacob;
				TargetAttributes = {
					16728AC02566DE0B00EDCFD8 = {
						CreatedOnToolsVersion = 11.3.1;
					};
				};
			};
			buildConfigurationList = 16728ABC2566DE0B00EDCFD8 /* Build configuration list for PBXProject "CryptoTracker" */;
			compatibilityVersion = "Xcode 9.3";
			developmentRegion = en;
			hasScannedForEncodings = 0;
			knownRegions = (
				en,
				Base,
			);
			mainGroup = 16728AB82566DE0B00EDCFD8;
			productRefGroup = 16728AC22566DE0B00EDCFD8 /* Products */;
			projectDirPath = "";
			projectRoot = "";
			targets = (
				16728AC02566DE0B00EDCFD8 /* CryptoTracker */,
			);
		};
/* End PBXProject section */

/* Begin PBXResourcesBuildPhase section */
		16728ABF2566DE0B00EDCFD8 /* Resources */ = {
			isa = PBXResourcesBuildPhase;
			buildActionMask = 2147483647;
			files = (
				16728AD12566DE0D00EDCFD8 /* LaunchScreen.storyboard in Resources */,
				16728ACE2566DE0D00EDCFD8 /* Preview Assets.xcassets in Resources */,
				16728ACB2566DE0D00EDCFD8 /* Assets.xcassets in Resources */,
			);
			runOnlyForDeploymentPostprocessing = 0;
		};
/* End PBXResourcesBuildPhase section */

/* Begin PBXSourcesBuildPhase section */
		16728ABD2566DE0B00EDCFD8 /* Sources */ = {
			isa = PBXSourcesBuildPhase;
			buildActionMask = 2147483647;
			files = (
				1612C4412566DF00002EEC0E /* Currencies.swift in Sources */,
				16728AC52566DE0B00EDCFD8 /* AppDelegate.swift in Sources */,
				16728AC72566DE0B00EDCFD8 /* SceneDelegate.swift in Sources */,
				1612C4422566DF00002EEC0E /* FavoritesListView.swift in Sources */,
				1612C4402566DF00002EEC0E /* AllCoinsView.swift in Sources */,
				16728AC92566DE0B00EDCFD8 /* ContentView.swift in Sources */,
				1612C43F2566DF00002EEC0E /* InvestmentsView.swift in Sources */,
			);
			runOnlyForDeploymentPostprocessing = 0;
		};
/* End PBXSourcesBuildPhase section */

/* Begin PBXVariantGroup section */
		16728ACF2566DE0D00EDCFD8 /* LaunchScreen.storyboard */ = {
			isa = PBXVariantGroup;
			children = (
				16728AD02566DE0D00EDCFD8 /* Base */,
			);
			name = LaunchScreen.storyboard;
			sourceTree = "<group>";
		};
/* End PBXVariantGroup section */

/* Begin XCBuildConfiguration section */
		16728AD32566DE0D00EDCFD8 /* Debug */ = {
			isa = XCBuildConfiguration;
			buildSettings = {
				ALWAYS_SEARCH_USER_PATHS = NO;
				CLANG_ANALYZER_NONNULL = YES;
				CLANG_ANALYZER_NUMBER_OBJECT_CONVERSION = YES_AGGRESSIVE;
				CLANG_CXX_LANGUAGE_STANDARD = "gnu++14";
				CLANG_CXX_LIBRARY = "libc++";
				CLANG_ENABLE_MODULES = YES;
				CLANG_ENABLE_OBJC_ARC = YES;
				CLANG_ENABLE_OBJC_WEAK = YES;
				CLANG_WARN_BLOCK_CAPTURE_AUTORELEASING = YES;
				CLANG_WARN_BOOL_CONVERSION = YES;
				CLANG_WARN_COMMA = YES;
				CLANG_WARN_CONSTANT_CONVERSION = YES;
				CLANG_WARN_DEPRECATED_OBJC_IMPLEMENTATIONS = YES;
				CLANG_WARN_DIRECT_OBJC_ISA_USAGE = YES_ERROR;
				CLANG_WARN_DOCUMENTATION_COMMENTS = YES;
				CLANG_WARN_EMPTY_BODY = YES;
				CLANG_WARN_ENUM_CONVERSION = YES;
				CLANG_WARN_INFINITE_RECURSION = YES;
				CLANG_WARN_INT_CONVERSION = YES;
				CLANG_WARN_NON_LITERAL_NULL_CONVERSION = YES;
				CLANG_WARN_OBJC_IMPLICIT_RETAIN_SELF = YES;
				CLANG_WARN_OBJC_LITERAL_CONVERSION = YES;
				CLANG_WARN_OBJC_ROOT_CLASS = YES_ERROR;
				CLANG_WARN_QUOTED_INCLUDE_IN_FRAMEWORK_HEADER = YES;
				CLANG_WARN_RANGE_LOOP_ANALYSIS = YES;
				CLANG_WARN_STRICT_PROTOTYPES = YES;
				CLANG_WARN_SUSPICIOUS_MOVE = YES;
				CLANG_WARN_UNGUARDED_AVAILABILITY = YES_AGGRESSIVE;
				CLANG_WARN_UNREACHABLE_CODE = YES;
				CLANG_WARN__DUPLICATE_METHOD_MATCH = YES;
				COPY_PHASE_STRIP = NO;
				DEBUG_INFORMATION_FORMAT = dwarf;
				ENABLE_STRICT_OBJC_MSGSEND = YES;
				ENABLE_TESTABILITY = YES;
				GCC_C_LANGUAGE_STANDARD = gnu11;
				GCC_DYNAMIC_NO_PIC = NO;
				GCC_NO_COMMON_BLOCKS = YES;
				GCC_OPTIMIZATION_LEVEL = 0;
				GCC_PREPROCESSOR_DEFINITIONS = (
					"DEBUG=1",
					"$(inherited)",
				);
				GCC_WARN_64_TO_32_BIT_CONVERSION = YES;
				GCC_WARN_ABOUT_RETURN_TYPE = YES_ERROR;
				GCC_WARN_UNDECLARED_SELECTOR = YES;
				GCC_WARN_UNINITIALIZED_AUTOS = YES_AGGRESSIVE;
				GCC_WARN_UNUSED_FUNCTION = YES;
				GCC_WARN_UNUSED_VARIABLE = YES;
				IPHONEOS_DEPLOYMENT_TARGET = 13.2;
				MTL_ENABLE_DEBUG_INFO = INCLUDE_SOURCE;
				MTL_FAST_MATH = YES;
				ONLY_ACTIVE_ARCH = YES;
				SDKROOT = iphoneos;
				SWIFT_ACTIVE_COMPILATION_CONDITIONS = DEBUG;
				SWIFT_OPTIMIZATION_LEVEL = "-Onone";
			};
			name = Debug;
		};
		16728AD42566DE0D00EDCFD8 /* Release */ = {
			isa = XCBuildConfiguration;
			buildSettings = {
				ALWAYS_SEARCH_USER_PATHS = NO;
				CLANG_ANALYZER_NONNULL = YES;
				CLANG_ANALYZER_NUMBER_OBJECT_CONVERSION = YES_AGGRESSIVE;
				CLANG_CXX_LANGUAGE_STANDARD = "gnu++14";
				CLANG_CXX_LIBRARY = "libc++";
				CLANG_ENABLE_MODULES = YES;
				CLANG_ENABLE_OBJC_ARC = YES;
				CLANG_ENABLE_OBJC_WEAK = YES;
				CLANG_WARN_BLOCK_CAPTURE_AUTORELEASING = YES;
				CLANG_WARN_BOOL_CONVERSION = YES;
				CLANG_WARN_COMMA = YES;
				CLANG_WARN_CONSTANT_CONVERSION = YES;
				CLANG_WARN_DEPRECATED_OBJC_IMPLEMENTATIONS = YES;
				CLANG_WARN_DIRECT_OBJC_ISA_USAGE = YES_ERROR;
				CLANG_WARN_DOCUMENTATION_COMMENTS = YES;
				CLANG_WARN_EMPTY_BODY = YES;
				CLANG_WARN_ENUM_CONVERSION = YES;
				CLANG_WARN_INFINITE_RECURSION = YES;
				CLANG_WARN_INT_CONVERSION = YES;
				CLANG_WARN_NON_LITERAL_NULL_CONVERSION = YES;
				CLANG_WARN_OBJC_IMPLICIT_RETAIN_SELF = YES;
				CLANG_WARN_OBJC_LITERAL_CONVERSION = YES;
				CLANG_WARN_OBJC_ROOT_CLASS = YES_ERROR;
				CLANG_WARN_QUOTED_INCLUDE_IN_FRAMEWORK_HEADER = YES;
				CLANG_WARN_RANGE_LOOP_ANALYSIS = YES;
				CLANG_WARN_STRICT_PROTOTYPES = YES;
				CLANG_WARN_SUSPICIOUS_MOVE = YES;
				CLANG_WARN_UNGUARDED_AVAILABILITY = YES_AGGRESSIVE;
				CLANG_WARN_UNREACHABLE_CODE = YES;
				CLANG_WARN__DUPLICATE_METHOD_MATCH = YES;
				COPY_PHASE_STRIP = NO;
				DEBUG_INFORMATION_FORMAT = "dwarf-with-dsym";
				ENABLE_NS_ASSERTIONS = NO;
				ENABLE_STRICT_OBJC_MSGSEND = YES;
				GCC_C_LANGUAGE_STANDARD = gnu11;
				GCC_NO_COMMON_BLOCKS = YES;
				GCC_WARN_64_TO_32_BIT_CONVERSION = YES;
				GCC_WARN_ABOUT_RETURN_TYPE = YES_ERROR;
				GCC_WARN_UNDECLARED_SELECTOR = YES;
				GCC_WARN_UNINITIALIZED_AUTOS = YES_AGGRESSIVE;
				GCC_WARN_UNUSED_FUNCTION = YES;
				GCC_WARN_UNUSED_VARIABLE = YES;
				IPHONEOS_DEPLOYMENT_TARGET = 13.2;
				MTL_ENABLE_DEBUG_INFO = NO;
				MTL_FAST_MATH = YES;
				SDKROOT = iphoneos;
				SWIFT_COMPILATION_MODE = wholemodule;
				SWIFT_OPTIMIZATION_LEVEL = "-O";
				VALIDATE_PRODUCT = YES;
			};
			name = Release;
		};
		16728AD62566DE0D00EDCFD8 /* Debug */ = {
			isa = XCBuildConfiguration;
			buildSettings = {
				ASSETCATALOG_COMPILER_APPICON_NAME = AppIcon;
				CODE_SIGN_STYLE = Automatic;
				DEVELOPMENT_ASSET_PATHS = "\"CryptoTracker/Preview Content\"";
				DEVELOPMENT_TEAM = C5M3296HDF;
				ENABLE_PREVIEWS = YES;
				INFOPLIST_FILE = CryptoTracker/Info.plist;
				LD_RUNPATH_SEARCH_PATHS = (
					"$(inherited)",
					"@executable_path/Frameworks",
				);
				PRODUCT_BUNDLE_IDENTIFIER = com.gmail.cubhoffman.CryptoTracker;
				PRODUCT_NAME = "$(TARGET_NAME)";
				SWIFT_VERSION = 5.0;
				TARGETED_DEVICE_FAMILY = "1,2";
			};
			name = Debug;
		};
		16728AD72566DE0D00EDCFD8 /* Release */ = {
			isa = XCBuildConfiguration;
			buildSettings = {
				ASSETCATALOG_COMPILER_APPICON_NAME = AppIcon;
				CODE_SIGN_STYLE = Automatic;
				DEVELOPMENT_ASSET_PATHS = "\"CryptoTracker/Preview Content\"";
				DEVELOPMENT_TEAM = C5M3296HDF;
				ENABLE_PREVIEWS = YES;
				INFOPLIST_FILE = CryptoTracker/Info.plist;
				LD_RUNPATH_SEARCH_PATHS = (
					"$(inherited)",
					"@executable_path/Frameworks",
				);
				PRODUCT_BUNDLE_IDENTIFIER = com.gmail.cubhoffman.CryptoTracker;
				PRODUCT_NAME = "$(TARGET_NAME)";
				SWIFT_VERSION = 5.0;
				TARGETED_DEVICE_FAMILY = "1,2";
			};
			name = Release;
		};
/* End XCBuildConfiguration section */

/* Begin XCConfigurationList section */
		16728ABC2566DE0B00EDCFD8 /* Build configuration list for PBXProject "CryptoTracker" */ = {
			isa = XCConfigurationList;
			buildConfigurations = (
				16728AD32566DE0D00EDCFD8 /* Debug */,
				16728AD42566DE0D00EDCFD8 /* Release */,
			);
			defaultConfigurationIsVisible = 0;
			defaultConfigurationName = Release;
		};
		16728AD52566DE0D00EDCFD8 /* Build configuration list for PBXNativeTarget "CryptoTracker" */ = {
			isa = XCConfigurationList;
			buildConfigurations = (
				16728AD62566DE0D00EDCFD8 /* Debug */,
				16728AD72566DE0D00EDCFD8 /* Release */,
			);
			defaultConfigurationIsVisible = 0;
			defaultConfigurationName = Release;
		};
/* End XCConfigurationList section */
	};
	rootObject = 16728AB92566DE0B00EDCFD8 /* Project object */;
}
